// !$*UTF8*$!
{
	archiveVersion = 1;
	classes = {
	};
	objectVersion = 50;
	objects = {

/* Begin PBXBuildFile section */
		028DA1032597BA4C00C204BB /* TableViewController.swift in Sources */ = {isa = PBXBuildFile; fileRef = 028DA1022597BA4C00C204BB /* TableViewController.swift */; };
		028DA1062597BA6300C204BB /* CollectionViewController.swift in Sources */ = {isa = PBXBuildFile; fileRef = 028DA1052597BA6300C204BB /* CollectionViewController.swift */; };
		028DA1092597BCDB00C204BB /* CollectionViewCell.swift in Sources */ = {isa = PBXBuildFile; fileRef = 028DA1082597BCDB00C204BB /* CollectionViewCell.swift */; };
		028DA10C2597C1EC00C204BB /* CusotmNavigationController.swift in Sources */ = {isa = PBXBuildFile; fileRef = 028DA10B2597C1EC00C204BB /* CusotmNavigationController.swift */; };
		02D50AD3258E707D00BAF611 /* AppDelegate.swift in Sources */ = {isa = PBXBuildFile; fileRef = 02D50AD2258E707D00BAF611 /* AppDelegate.swift */; };
		02D50AD5258E707D00BAF611 /* SceneDelegate.swift in Sources */ = {isa = PBXBuildFile; fileRef = 02D50AD4258E707D00BAF611 /* SceneDelegate.swift */; };
		02D50AD7258E707D00BAF611 /* NewMemeViewController.swift in Sources */ = {isa = PBXBuildFile; fileRef = 02D50AD6258E707D00BAF611 /* NewMemeViewController.swift */; };
		02D50ADA258E707D00BAF611 /* Main.storyboard in Resources */ = {isa = PBXBuildFile; fileRef = 02D50AD8258E707D00BAF611 /* Main.storyboard */; };
		02D50ADC258E708000BAF611 /* Assets.xcassets in Resources */ = {isa = PBXBuildFile; fileRef = 02D50ADB258E708000BAF611 /* Assets.xcassets */; };
		02D50ADF258E708000BAF611 /* LaunchScreen.storyboard in Resources */ = {isa = PBXBuildFile; fileRef = 02D50ADD258E708000BAF611 /* LaunchScreen.storyboard */; };
		02D50AE8258EC60100BAF611 /* meme.swift in Sources */ = {isa = PBXBuildFile; fileRef = 02D50AE7258EC60100BAF611 /* meme.swift */; };
		02DDB9182597F64A0090E1C2 /* DetailsViewController.swift in Sources */ = {isa = PBXBuildFile; fileRef = 02DDB9172597F6490090E1C2 /* DetailsViewController.swift */; };
/* End PBXBuildFile section */

/* Begin PBXFileReference section */
		028DA1022597BA4C00C204BB /* TableViewController.swift */ = {isa = PBXFileReference; lastKnownFileType = sourcecode.swift; path = TableViewController.swift; sourceTree = "<group>"; };
		028DA1052597BA6300C204BB /* CollectionViewController.swift */ = {isa = PBXFileReference; lastKnownFileType = sourcecode.swift; path = CollectionViewController.swift; sourceTree = "<group>"; };
		028DA1082597BCDB00C204BB /* CollectionViewCell.swift */ = {isa = PBXFileReference; lastKnownFileType = sourcecode.swift; path = CollectionViewCell.swift; sourceTree = "<group>"; };
		028DA10B2597C1EC00C204BB /* CusotmNavigationController.swift */ = {isa = PBXFileReference; lastKnownFileType = sourcecode.swift; path = CusotmNavigationController.swift; sourceTree = "<group>"; };
		02D50ACF258E707D00BAF611 /* meme.app */ = {isa = PBXFileReference; explicitFileType = wrapper.application; includeInIndex = 0; path = meme.app; sourceTree = BUILT_PRODUCTS_DIR; };
		02D50AD2258E707D00BAF611 /* AppDelegate.swift */ = {isa = PBXFileReference; lastKnownFileType = sourcecode.swift; path = AppDelegate.swift; sourceTree = "<group>"; };
		02D50AD4258E707D00BAF611 /* SceneDelegate.swift */ = {isa = PBXFileReference; lastKnownFileType = sourcecode.swift; path = SceneDelegate.swift; sourceTree = "<group>"; };
		02D50AD6258E707D00BAF611 /* NewMemeViewController.swift */ = {isa = PBXFileReference; lastKnownFileType = sourcecode.swift; path = NewMemeViewController.swift; sourceTree = "<group>"; };
		02D50AD9258E707D00BAF611 /* Base */ = {isa = PBXFileReference; lastKnownFileType = file.storyboard; name = Base; path = Base.lproj/Main.storyboard; sourceTree = "<group>"; };
		02D50ADB258E708000BAF611 /* Assets.xcassets */ = {isa = PBXFileReference; lastKnownFileType = folder.assetcatalog; path = Assets.xcassets; sourceTree = "<group>"; };
		02D50ADE258E708000BAF611 /* Base */ = {isa = PBXFileReference; lastKnownFileType = file.storyboard; name = Base; path = Base.lproj/LaunchScreen.storyboard; sourceTree = "<group>"; };
		02D50AE0258E708000BAF611 /* Info.plist */ = {isa = PBXFileReference; lastKnownFileType = text.plist.xml; path = Info.plist; sourceTree = "<group>"; };
		02D50AE7258EC60100BAF611 /* meme.swift */ = {isa = PBXFileReference; lastKnownFileType = sourcecode.swift; path = meme.swift; sourceTree = "<group>"; };
		02DDB9172597F6490090E1C2 /* DetailsViewController.swift */ = {isa = PBXFileReference; lastKnownFileType = sourcecode.swift; path = DetailsViewController.swift; sourceTree = "<group>"; };
/* End PBXFileReference section */

/* Begin PBXFrameworksBuildPhase section */
		02D50ACC258E707D00BAF611 /* Frameworks */ = {
			isa = PBXFrameworksBuildPhase;
			buildActionMask = 2147483647;
			files = (
			);
			runOnlyForDeploymentPostprocessing = 0;
		};
/* End PBXFrameworksBuildPhase section */

/* Begin PBXGroup section */
		02D50AC6258E707D00BAF611 = {
			isa = PBXGroup;
			children = (
				02D50AD1258E707D00BAF611 /* meme */,
				02D50AD0258E707D00BAF611 /* Products */,
			);
			sourceTree = "<group>";
		};
		02D50AD0258E707D00BAF611 /* Products */ = {
			isa = PBXGroup;
			children = (
				02D50ACF258E707D00BAF611 /* meme.app */,
			);
			name = Products;
			sourceTree = "<group>";
		};
		02D50AD1258E707D00BAF611 /* meme */ = {
			isa = PBXGroup;
			children = (
				02D50AD2258E707D00BAF611 /* AppDelegate.swift */,
				02D50AD4258E707D00BAF611 /* SceneDelegate.swift */,
				02D50AD6258E707D00BAF611 /* NewMemeViewController.swift */,
				02D50AD8258E707D00BAF611 /* Main.storyboard */,
				02D50ADB258E708000BAF611 /* Assets.xcassets */,
				02D50ADD258E708000BAF611 /* LaunchScreen.storyboard */,
				02D50AE0258E708000BAF611 /* Info.plist */,
				02D50AE7258EC60100BAF611 /* meme.swift */,
				028DA1022597BA4C00C204BB /* TableViewController.swift */,
				028DA1052597BA6300C204BB /* CollectionViewController.swift */,
				028DA1082597BCDB00C204BB /* CollectionViewCell.swift */,
				028DA10B2597C1EC00C204BB /* CusotmNavigationController.swift */,
				02DDB9172597F6490090E1C2 /* DetailsViewController.swift */,
			);
			path = meme;
			sourceTree = "<group>";
		};
/* End PBXGroup section */

/* Begin PBXNativeTarget section */
		02D50ACE258E707D00BAF611 /* meme */ = {
			isa = PBXNativeTarget;
			buildConfigurationList = 02D50AE3258E708000BAF611 /* Build configuration list for PBXNativeTarget "meme" */;
			buildPhases = (
				02D50ACB258E707D00BAF611 /* Sources */,
				02D50ACC258E707D00BAF611 /* Frameworks */,
				02D50ACD258E707D00BAF611 /* Resources */,
			);
			buildRules = (
			);
			dependencies = (
			);
			name = meme;
			productName = meme;
			productReference = 02D50ACF258E707D00BAF611 /* meme.app */;
			productType = "com.apple.product-type.application";
		};
/* End PBXNativeTarget section */

/* Begin PBXProject section */
		02D50AC7258E707D00BAF611 /* Project object */ = {
			isa = PBXProject;
			attributes = {
				LastSwiftUpdateCheck = 1220;
				LastUpgradeCheck = 1220;
				TargetAttributes = {
					02D50ACE258E707D00BAF611 = {
						CreatedOnToolsVersion = 12.2;
					};
				};
			};
			buildConfigurationList = 02D50ACA258E707D00BAF611 /* Build configuration list for PBXProject "meme" */;
			compatibilityVersion = "Xcode 9.3";
			developmentRegion = en;
			hasScannedForEncodings = 0;
			knownRegions = (
				en,
				Base,
			);
			mainGroup = 02D50AC6258E707D00BAF611;
			productRefGroup = 02D50AD0258E707D00BAF611 /* Products */;
			projectDirPath = "";
			projectRoot = "";
			targets = (
				02D50ACE258E707D00BAF611 /* meme */,
			);
		};
/* End PBXProject section */

/* Begin PBXResourcesBuildPhase section */
		02D50ACD258E707D00BAF611 /* Resources */ = {
			isa = PBXResourcesBuildPhase;
			buildActionMask = 2147483647;
			files = (
				02D50ADF258E708000BAF611 /* LaunchScreen.storyboard in Resources */,
				02D50ADC258E708000BAF611 /* Assets.xcassets in Resources */,
				02D50ADA258E707D00BAF611 /* Main.storyboard in Resources */,
			);
			runOnlyForDeploymentPostprocessing = 0;
		};
/* End PBXResourcesBuildPhase section */

/* Begin PBXSourcesBuildPhase section */
		02D50ACB258E707D00BAF611 /* Sources */ = {
			isa = PBXSourcesBuildPhase;
			buildActionMask = 2147483647;
			files = (
				028DA1062597BA6300C204BB /* CollectionViewController.swift in Sources */,
				02D50AD7258E707D00BAF611 /* NewMemeViewController.swift in Sources */,
				02DDB9182597F64A0090E1C2 /* DetailsViewController.swift in Sources */,
				02D50AE8258EC60100BAF611 /* meme.swift in Sources */,
				028DA1092597BCDB00C204BB /* CollectionViewCell.swift in Sources */,
				028DA10C2597C1EC00C204BB /* CusotmNavigationController.swift in Sources */,
				02D50AD3258E707D00BAF611 /* AppDelegate.swift in Sources */,
				028DA1032597BA4C00C204BB /* TableViewController.swift in Sources */,
				02D50AD5258E707D00BAF611 /* SceneDelegate.swift in Sources */,
			);
			runOnlyForDeploymentPostprocessing = 0;
		};
/* End PBXSourcesBuildPhase section */

/* Begin PBXVariantGroup section */
		02D50AD8258E707D00BAF611 /* Main.storyboard */ = {
			isa = PBXVariantGroup;
			children = (
				02D50AD9258E707D00BAF611 /* Base */,
			);
			name = Main.storyboard;
			sourceTree = "<group>";
		};
		02D50ADD258E708000BAF611 /* LaunchScreen.storyboard */ = {
			isa = PBXVariantGroup;
			children = (
				02D50ADE258E708000BAF611 /* Base */,
			);
			name = LaunchScreen.storyboard;
			sourceTree = "<group>";
		};
/* End PBXVariantGroup section */

/* Begin XCBuildConfiguration section */
		02D50AE1258E708000BAF611 /* Debug */ = {
			isa = XCBuildConfiguration;
			buildSettings = {
				ALWAYS_SEARCH_USER_PATHS = NO;
				CLANG_ANALYZER_NONNULL = YES;
				CLANG_ANALYZER_NUMBER_OBJECT_CONVERSION = YES_AGGRESSIVE;
				CLANG_CXX_LANGUAGE_STANDARD = "gnu++14";
				CLANG_CXX_LIBRARY = "libc++";
				CLANG_ENABLE_MODULES = YES;
				CLANG_ENABLE_OBJC_ARC = YES;
				CLANG_ENABLE_OBJC_WEAK = YES;
				CLANG_WARN_BLOCK_CAPTURE_AUTORELEASING = YES;
				CLANG_WARN_BOOL_CONVERSION = YES;
				CLANG_WARN_COMMA = YES;
				CLANG_WARN_CONSTANT_CONVERSION = YES;
				CLANG_WARN_DEPRECATED_OBJC_IMPLEMENTATIONS = YES;
				CLANG_WARN_DIRECT_OBJC_ISA_USAGE = YES_ERROR;
				CLANG_WARN_DOCUMENTATION_COMMENTS = YES;
				CLANG_WARN_EMPTY_BODY = YES;
				CLANG_WARN_ENUM_CONVERSION = YES;
				CLANG_WARN_INFINITE_RECURSION = YES;
				CLANG_WARN_INT_CONVERSION = YES;
				CLANG_WARN_NON_LITERAL_NULL_CONVERSION = YES;
				CLANG_WARN_OBJC_IMPLICIT_RETAIN_SELF = YES;
				CLANG_WARN_OBJC_LITERAL_CONVERSION = YES;
				CLANG_WARN_OBJC_ROOT_CLASS = YES_ERROR;
				CLANG_WARN_QUOTED_INCLUDE_IN_FRAMEWORK_HEADER = YES;
				CLANG_WARN_RANGE_LOOP_ANALYSIS = YES;
				CLANG_WARN_STRICT_PROTOTYPES = YES;
				CLANG_WARN_SUSPICIOUS_MOVE = YES;
				CLANG_WARN_UNGUARDED_AVAILABILITY = YES_AGGRESSIVE;
				CLANG_WARN_UNREACHABLE_CODE = YES;
				CLANG_WARN__DUPLICATE_METHOD_MATCH = YES;
				COPY_PHASE_STRIP = NO;
				DEBUG_INFORMATION_FORMAT = dwarf;
				ENABLE_STRICT_OBJC_MSGSEND = YES;
				ENABLE_TESTABILITY = YES;
				GCC_C_LANGUAGE_STANDARD = gnu11;
				GCC_DYNAMIC_NO_PIC = NO;
				GCC_NO_COMMON_BLOCKS = YES;
				GCC_OPTIMIZATION_LEVEL = 0;
				GCC_PREPROCESSOR_DEFINITIONS = (
					"DEBUG=1",
					"$(inherited)",
				);
				GCC_WARN_64_TO_32_BIT_CONVERSION = YES;
				GCC_WARN_ABOUT_RETURN_TYPE = YES_ERROR;
				GCC_WARN_UNDECLARED_SELECTOR = YES;
				GCC_WARN_UNINITIALIZED_AUTOS = YES_AGGRESSIVE;
				GCC_WARN_UNUSED_FUNCTION = YES;
				GCC_WARN_UNUSED_VARIABLE = YES;
				IPHONEOS_DEPLOYMENT_TARGET = 14.2;
				MTL_ENABLE_DEBUG_INFO = INCLUDE_SOURCE;
				MTL_FAST_MATH = YES;
				ONLY_ACTIVE_ARCH = YES;
				SDKROOT = iphoneos;
				SWIFT_ACTIVE_COMPILATION_CONDITIONS = DEBUG;
				SWIFT_OPTIMIZATION_LEVEL = "-Onone";
			};
			name = Debug;
		};
		02D50AE2258E708000BAF611 /* Release */ = {
			isa = XCBuildConfiguration;
			buildSettings = {
				ALWAYS_SEARCH_USER_PATHS = NO;
				CLANG_ANALYZER_NONNULL = YES;
				CLANG_ANALYZER_NUMBER_OBJECT_CONVERSION = YES_AGGRESSIVE;
				CLANG_CXX_LANGUAGE_STANDARD = "gnu++14";
				CLANG_CXX_LIBRARY = "libc++";
				CLANG_ENABLE_MODULES = YES;
				CLANG_ENABLE_OBJC_ARC = YES;
				CLANG_ENABLE_OBJC_WEAK = YES;
				CLANG_WARN_BLOCK_CAPTURE_AUTORELEASING = YES;
				CLANG_WARN_BOOL_CONVERSION = YES;
				CLANG_WARN_COMMA = YES;
				CLANG_WARN_CONSTANT_CONVERSION = YES;
				CLANG_WARN_DEPRECATED_OBJC_IMPLEMENTATIONS = YES;
				CLANG_WARN_DIRECT_OBJC_ISA_USAGE = YES_ERROR;
				CLANG_WARN_DOCUMENTATION_COMMENTS = YES;
				CLANG_WARN_EMPTY_BODY = YES;
				CLANG_WARN_ENUM_CONVERSION = YES;
				CLANG_WARN_INFINITE_RECURSION = YES;
				CLANG_WARN_INT_CONVERSION = YES;
				CLANG_WARN_NON_LITERAL_NULL_CONVERSION = YES;
				CLANG_WARN_OBJC_IMPLICIT_RETAIN_SELF = YES;
				CLANG_WARN_OBJC_LITERAL_CONVERSION = YES;
				CLANG_WARN_OBJC_ROOT_CLASS = YES_ERROR;
				CLANG_WARN_QUOTED_INCLUDE_IN_FRAMEWORK_HEADER = YES;
				CLANG_WARN_RANGE_LOOP_ANALYSIS = YES;
				CLANG_WARN_STRICT_PROTOTYPES = YES;
				CLANG_WARN_SUSPICIOUS_MOVE = YES;
				CLANG_WARN_UNGUARDED_AVAILABILITY = YES_AGGRESSIVE;
				CLANG_WARN_UNREACHABLE_CODE = YES;
				CLANG_WARN__DUPLICATE_METHOD_MATCH = YES;
				COPY_PHASE_STRIP = NO;
				DEBUG_INFORMATION_FORMAT = "dwarf-with-dsym";
				ENABLE_NS_ASSERTIONS = NO;
				ENABLE_STRICT_OBJC_MSGSEND = YES;
				GCC_C_LANGUAGE_STANDARD = gnu11;
				GCC_NO_COMMON_BLOCKS = YES;
				GCC_WARN_64_TO_32_BIT_CONVERSION = YES;
				GCC_WARN_ABOUT_RETURN_TYPE = YES_ERROR;
				GCC_WARN_UNDECLARED_SELECTOR = YES;
				GCC_WARN_UNINITIALIZED_AUTOS = YES_AGGRESSIVE;
				GCC_WARN_UNUSED_FUNCTION = YES;
				GCC_WARN_UNUSED_VARIABLE = YES;
				IPHONEOS_DEPLOYMENT_TARGET = 14.2;
				MTL_ENABLE_DEBUG_INFO = NO;
				MTL_FAST_MATH = YES;
				SDKROOT = iphoneos;
				SWIFT_COMPILATION_MODE = wholemodule;
				SWIFT_OPTIMIZATION_LEVEL = "-O";
				VALIDATE_PRODUCT = YES;
			};
			name = Release;
		};
		02D50AE4258E708000BAF611 /* Debug */ = {
			isa = XCBuildConfiguration;
			buildSettings = {
				ASSETCATALOG_COMPILER_APPICON_NAME = AppIcon;
				ASSETCATALOG_COMPILER_GLOBAL_ACCENT_COLOR_NAME = AccentColor;
				CODE_SIGN_STYLE = Automatic;
				INFOPLIST_FILE = meme/Info.plist;
				LD_RUNPATH_SEARCH_PATHS = (
					"$(inherited)",
					"@executable_path/Frameworks",
				);
				PRODUCT_BUNDLE_IDENTIFIER = com.ditek.meme;
				PRODUCT_NAME = "$(TARGET_NAME)";
				SWIFT_VERSION = 5.0;
				TARGETED_DEVICE_FAMILY = "1,2";
			};
			name = Debug;
		};
		02D50AE5258E708000BAF611 /* Release */ = {
			isa = XCBuildConfiguration;
			buildSettings = {
				ASSETCATALOG_COMPILER_APPICON_NAME = AppIcon;
				ASSETCATALOG_COMPILER_GLOBAL_ACCENT_COLOR_NAME = AccentColor;
				CODE_SIGN_STYLE = Automatic;
				INFOPLIST_FILE = meme/Info.plist;
				LD_RUNPATH_SEARCH_PATHS = (
					"$(inherited)",
					"@executable_path/Frameworks",
				);
				PRODUCT_BUNDLE_IDENTIFIER = com.ditek.meme;
				PRODUCT_NAME = "$(TARGET_NAME)";
				SWIFT_VERSION = 5.0;
				TARGETED_DEVICE_FAMILY = "1,2";
			};
			name = Release;
		};
/* End XCBuildConfiguration section */

/* Begin XCConfigurationList section */
		02D50ACA258E707D00BAF611 /* Build configuration list for PBXProject "meme" */ = {
			isa = XCConfigurationList;
			buildConfigurations = (
				02D50AE1258E708000BAF611 /* Debug */,
				02D50AE2258E708000BAF611 /* Release */,
			);
			defaultConfigurationIsVisible = 0;
			defaultConfigurationName = Release;
		};
		02D50AE3258E708000BAF611 /* Build configuration list for PBXNativeTarget "meme" */ = {
			isa = XCConfigurationList;
			buildConfigurations = (
				02D50AE4258E708000BAF611 /* Debug */,
				02D50AE5258E708000BAF611 /* Release */,
			);
			defaultConfigurationIsVisible = 0;
			defaultConfigurationName = Release;
		};
/* End XCConfigurationList section */
	};
	rootObject = 02D50AC7258E707D00BAF611 /* Project object */;
}
